
Microsoft Visual Studio Solution File, Format Version 12.00
# Visual Studio 15
VisualStudioVersion = 15.0.26403.7
MinimumVisualStudioVersion = 10.0.40219.1
Project("{FAE04EC0-301F-11D3-BF4B-00C04F79EFBC}") = "BusinessObj", "BusinessObj\BusinessObj.csproj", "{346864D7-4035-4BB7-BB1E-5D674A5D7A98}"
EndProject
Project("{FAE04EC0-301F-11D3-BF4B-00C04F79EFBC}") = "DataObject", "DataObject\DataObject.csproj", "{DED96B5D-2CF1-41DD-92FF-3E921FC1A14C}"
EndProject
Project("{FAE04EC0-301F-11D3-BF4B-00C04F79EFBC}") = "Entity", "Entity\Entity.csproj", "{E1E9BF48-F133-4FE9-A79F-6FD427E441C1}"
EndProject
Project("{FAE04EC0-301F-11D3-BF4B-00C04F79EFBC}") = "Object", "Object\Object.csproj", "{38315EA9-0C8F-4B40-91AD-696B8F9C1284}"
EndProject
Global
	GlobalSection(SolutionConfigurationPlatforms) = preSolution
		Debug|Any CPU = Debug|Any CPU
		Release|Any CPU = Release|Any CPU
	EndGlobalSection
	GlobalSection(ProjectConfigurationPlatforms) = postSolution
		{346864D7-4035-4BB7-BB1E-5D674A5D7A98}.Debug|Any CPU.ActiveCfg = Debug|Any CPU
		{346864D7-4035-4BB7-BB1E-5D674A5D7A98}.Debug|Any CPU.Build.0 = Debug|Any CPU
		{346864D7-4035-4BB7-BB1E-5D674A5D7A98}.Release|Any CPU.ActiveCfg = Release|Any CPU
		{346864D7-4035-4BB7-BB1E-5D674A5D7A98}.Release|Any CPU.Build.0 = Release|Any CPU
		{DED96B5D-2CF1-41DD-92FF-3E921FC1A14C}.Debug|Any CPU.ActiveCfg = Debug|Any CPU
		{DED96B5D-2CF1-41DD-92FF-3E921FC1A14C}.Debug|Any CPU.Build.0 = Debug|Any CPU
		{DED96B5D-2CF1-41DD-92FF-3E921FC1A14C}.Release|Any CPU.ActiveCfg = Release|Any CPU
		{DED96B5D-2CF1-41DD-92FF-3E921FC1A14C}.Release|Any CPU.Build.0 = Release|Any CPU
		{E1E9BF48-F133-4FE9-A79F-6FD427E441C1}.Debug|Any CPU.ActiveCfg = Debug|Any CPU
		{E1E9BF48-F133-4FE9-A79F-6FD427E441C1}.Debug|Any CPU.Build.0 = Debug|Any CPU
		{E1E9BF48-F133-4FE9-A79F-6FD427E441C1}.Release|Any CPU.ActiveCfg = Release|Any CPU
		{E1E9BF48-F133-4FE9-A79F-6FD427E441C1}.Release|Any CPU.Build.0 = Release|Any CPU
		{38315EA9-0C8F-4B40-91AD-696B8F9C1284}.Debug|Any CPU.ActiveCfg = Debug|Any CPU
		{38315EA9-0C8F-4B40-91AD-696B8F9C1284}.Debug|Any CPU.Build.0 = Debug|Any CPU
		{38315EA9-0C8F-4B40-91AD-696B8F9C1284}.Release|Any CPU.ActiveCfg = Release|Any CPU
		{38315EA9-0C8F-4B40-91AD-696B8F9C1284}.Release|Any CPU.Build.0 = Release|Any CPU
	EndGlobalSection
	GlobalSection(SolutionProperties) = preSolution
		HideSolutionNode = FALSE
	EndGlobalSection
EndGlobal
